// !$*UTF8*$!
{
	archiveVersion = 1;
	classes = {
	};
	objectVersion = 55;
	objects = {

/* Begin PBXBuildFile section */
		22718127293CE9B9008144E5 /* Response.swift in Sources */ = {isa = PBXBuildFile; fileRef = 22718126293CE9B9008144E5 /* Response.swift */; };
		22718129293CEA40008144E5 /* Video.swift in Sources */ = {isa = PBXBuildFile; fileRef = 22718128293CEA40008144E5 /* Video.swift */; };
		227F4BB2293B96F8008FAC24 /* YoutubeAppApp.swift in Sources */ = {isa = PBXBuildFile; fileRef = 227F4BB1293B96F8008FAC24 /* YoutubeAppApp.swift */; };
		227F4BB4293B96F8008FAC24 /* ContentView.swift in Sources */ = {isa = PBXBuildFile; fileRef = 227F4BB3293B96F8008FAC24 /* ContentView.swift */; };
		227F4BB6293B96FC008FAC24 /* Assets.xcassets in Resources */ = {isa = PBXBuildFile; fileRef = 227F4BB5293B96FC008FAC24 /* Assets.xcassets */; };
		227F4BB9293B96FC008FAC24 /* Preview Assets.xcassets in Resources */ = {isa = PBXBuildFile; fileRef = 227F4BB8293B96FC008FAC24 /* Preview Assets.xcassets */; };
		227F4BC1293BA43D008FAC24 /* Constants.swift in Sources */ = {isa = PBXBuildFile; fileRef = 227F4BC0293BA43D008FAC24 /* Constants.swift */; };
		B45550B96A77A1A70DD6FBB6 /* Pods_YoutubeApp.framework in Frameworks */ = {isa = PBXBuildFile; fileRef = 8609EAF7EB125DABD4EC4F93 /* Pods_YoutubeApp.framework */; };
/* End PBXBuildFile section */

/* Begin PBXFileReference section */
		22718126293CE9B9008144E5 /* Response.swift */ = {isa = PBXFileReference; lastKnownFileType = sourcecode.swift; path = Response.swift; sourceTree = "<group>"; };
		22718128293CEA40008144E5 /* Video.swift */ = {isa = PBXFileReference; lastKnownFileType = sourcecode.swift; path = Video.swift; sourceTree = "<group>"; };
		227F4BAE293B96F8008FAC24 /* YoutubeApp.app */ = {isa = PBXFileReference; explicitFileType = wrapper.application; includeInIndex = 0; path = YoutubeApp.app; sourceTree = BUILT_PRODUCTS_DIR; };
		227F4BB1293B96F8008FAC24 /* YoutubeAppApp.swift */ = {isa = PBXFileReference; lastKnownFileType = sourcecode.swift; path = YoutubeAppApp.swift; sourceTree = "<group>"; };
		227F4BB3293B96F8008FAC24 /* ContentView.swift */ = {isa = PBXFileReference; lastKnownFileType = sourcecode.swift; path = ContentView.swift; sourceTree = "<group>"; };
		227F4BB5293B96FC008FAC24 /* Assets.xcassets */ = {isa = PBXFileReference; lastKnownFileType = folder.assetcatalog; path = Assets.xcassets; sourceTree = "<group>"; };
		227F4BB8293B96FC008FAC24 /* Preview Assets.xcassets */ = {isa = PBXFileReference; lastKnownFileType = folder.assetcatalog; path = "Preview Assets.xcassets"; sourceTree = "<group>"; };
		227F4BC0293BA43D008FAC24 /* Constants.swift */ = {isa = PBXFileReference; lastKnownFileType = sourcecode.swift; path = Constants.swift; sourceTree = "<group>"; };
		8609EAF7EB125DABD4EC4F93 /* Pods_YoutubeApp.framework */ = {isa = PBXFileReference; explicitFileType = wrapper.framework; includeInIndex = 0; path = Pods_YoutubeApp.framework; sourceTree = BUILT_PRODUCTS_DIR; };
		D1EBF8D087AA24837EC494F1 /* Pods-YoutubeApp.debug.xcconfig */ = {isa = PBXFileReference; includeInIndex = 1; lastKnownFileType = text.xcconfig; name = "Pods-YoutubeApp.debug.xcconfig"; path = "Target Support Files/Pods-YoutubeApp/Pods-YoutubeApp.debug.xcconfig"; sourceTree = "<group>"; };
		EA64722A84FAF0536E9251CE /* Pods-YoutubeApp.release.xcconfig */ = {isa = PBXFileReference; includeInIndex = 1; lastKnownFileType = text.xcconfig; name = "Pods-YoutubeApp.release.xcconfig"; path = "Target Support Files/Pods-YoutubeApp/Pods-YoutubeApp.release.xcconfig"; sourceTree = "<group>"; };
/* End PBXFileReference section */

/* Begin PBXFrameworksBuildPhase section */
		227F4BAB293B96F8008FAC24 /* Frameworks */ = {
			isa = PBXFrameworksBuildPhase;
			buildActionMask = 2147483647;
			files = (
				B45550B96A77A1A70DD6FBB6 /* Pods_YoutubeApp.framework in Frameworks */,
			);
			runOnlyForDeploymentPostprocessing = 0;
		};
/* End PBXFrameworksBuildPhase section */

/* Begin PBXGroup section */
		0290CEFE64DE68667668FA6E /* Frameworks */ = {
			isa = PBXGroup;
			children = (
				8609EAF7EB125DABD4EC4F93 /* Pods_YoutubeApp.framework */,
			);
			name = Frameworks;
			sourceTree = "<group>";
		};
		22718125293CE983008144E5 /* Models */ = {
			isa = PBXGroup;
			children = (
				22718126293CE9B9008144E5 /* Response.swift */,
				22718128293CEA40008144E5 /* Video.swift */,
			);
			path = Models;
			sourceTree = "<group>";
		};
		227F4BA5293B96F8008FAC24 = {
			isa = PBXGroup;
			children = (
				227F4BB0293B96F8008FAC24 /* YoutubeApp */,
				227F4BAF293B96F8008FAC24 /* Products */,
				769986E6606D98E7A49B37EB /* Pods */,
				0290CEFE64DE68667668FA6E /* Frameworks */,
			);
			sourceTree = "<group>";
		};
		227F4BAF293B96F8008FAC24 /* Products */ = {
			isa = PBXGroup;
			children = (
				227F4BAE293B96F8008FAC24 /* YoutubeApp.app */,
			);
			name = Products;
			sourceTree = "<group>";
		};
		227F4BB0293B96F8008FAC24 /* YoutubeApp */ = {
			isa = PBXGroup;
			children = (
				227F4BB1293B96F8008FAC24 /* YoutubeAppApp.swift */,
				227F4BB3293B96F8008FAC24 /* ContentView.swift */,
				22718125293CE983008144E5 /* Models */,
				227F4BBF293BA41A008FAC24 /* Helpers */,
				227F4BB5293B96FC008FAC24 /* Assets.xcassets */,
				227F4BB7293B96FC008FAC24 /* Preview Content */,
			);
			path = YoutubeApp;
			sourceTree = "<group>";
		};
		227F4BB7293B96FC008FAC24 /* Preview Content */ = {
			isa = PBXGroup;
			children = (
				227F4BB8293B96FC008FAC24 /* Preview Assets.xcassets */,
			);
			path = "Preview Content";
			sourceTree = "<group>";
		};
		227F4BBF293BA41A008FAC24 /* Helpers */ = {
			isa = PBXGroup;
			children = (
				227F4BC0293BA43D008FAC24 /* Constants.swift */,
			);
			path = Helpers;
			sourceTree = "<group>";
		};
		769986E6606D98E7A49B37EB /* Pods */ = {
			isa = PBXGroup;
			children = (
				D1EBF8D087AA24837EC494F1 /* Pods-YoutubeApp.debug.xcconfig */,
				EA64722A84FAF0536E9251CE /* Pods-YoutubeApp.release.xcconfig */,
			);
			path = Pods;
			sourceTree = "<group>";
		};
/* End PBXGroup section */

/* Begin PBXNativeTarget section */
		227F4BAD293B96F8008FAC24 /* YoutubeApp */ = {
			isa = PBXNativeTarget;
			buildConfigurationList = 227F4BBC293B96FC008FAC24 /* Build configuration list for PBXNativeTarget "YoutubeApp" */;
			buildPhases = (
				BB3FE06A9C7BB5C6A564578A /* [CP] Check Pods Manifest.lock */,
				227F4BAA293B96F8008FAC24 /* Sources */,
				227F4BAB293B96F8008FAC24 /* Frameworks */,
				227F4BAC293B96F8008FAC24 /* Resources */,
				38407A311CE6CF4CD23ED830 /* [CP] Embed Pods Frameworks */,
			);
			buildRules = (
			);
			dependencies = (
			);
			name = YoutubeApp;
			productName = YoutubeApp;
			productReference = 227F4BAE293B96F8008FAC24 /* YoutubeApp.app */;
			productType = "com.apple.product-type.application";
		};
/* End PBXNativeTarget section */

/* Begin PBXProject section */
		227F4BA6293B96F8008FAC24 /* Project object */ = {
			isa = PBXProject;
			attributes = {
				BuildIndependentTargetsInParallel = 1;
				LastSwiftUpdateCheck = 1340;
				LastUpgradeCheck = 1340;
				TargetAttributes = {
					227F4BAD293B96F8008FAC24 = {
						CreatedOnToolsVersion = 13.4.1;
					};
				};
			};
			buildConfigurationList = 227F4BA9293B96F8008FAC24 /* Build configuration list for PBXProject "YoutubeApp" */;
			compatibilityVersion = "Xcode 13.0";
			developmentRegion = en;
			hasScannedForEncodings = 0;
			knownRegions = (
				en,
				Base,
			);
			mainGroup = 227F4BA5293B96F8008FAC24;
			productRefGroup = 227F4BAF293B96F8008FAC24 /* Products */;
			projectDirPath = "";
			projectRoot = "";
			targets = (
				227F4BAD293B96F8008FAC24 /* YoutubeApp */,
			);
		};
/* End PBXProject section */

/* Begin PBXResourcesBuildPhase section */
		227F4BAC293B96F8008FAC24 /* Resources */ = {
			isa = PBXResourcesBuildPhase;
			buildActionMask = 2147483647;
			files = (
				227F4BB9293B96FC008FAC24 /* Preview Assets.xcassets in Resources */,
				227F4BB6293B96FC008FAC24 /* Assets.xcassets in Resources */,
			);
			runOnlyForDeploymentPostprocessing = 0;
		};
/* End PBXResourcesBuildPhase section */

/* Begin PBXShellScriptBuildPhase section */
		38407A311CE6CF4CD23ED830 /* [CP] Embed Pods Frameworks */ = {
			isa = PBXShellScriptBuildPhase;
			buildActionMask = 2147483647;
			files = (
			);
			inputFileListPaths = (
				"${PODS_ROOT}/Target Support Files/Pods-YoutubeApp/Pods-YoutubeApp-frameworks-${CONFIGURATION}-input-files.xcfilelist",
			);
			name = "[CP] Embed Pods Frameworks";
			outputFileListPaths = (
				"${PODS_ROOT}/Target Support Files/Pods-YoutubeApp/Pods-YoutubeApp-frameworks-${CONFIGURATION}-output-files.xcfilelist",
			);
			runOnlyForDeploymentPostprocessing = 0;
			shellPath = /bin/sh;
			shellScript = "\"${PODS_ROOT}/Target Support Files/Pods-YoutubeApp/Pods-YoutubeApp-frameworks.sh\"\n";
			showEnvVarsInLog = 0;
		};
		BB3FE06A9C7BB5C6A564578A /* [CP] Check Pods Manifest.lock */ = {
			isa = PBXShellScriptBuildPhase;
			buildActionMask = 2147483647;
			files = (
			);
			inputFileListPaths = (
			);
			inputPaths = (
				"${PODS_PODFILE_DIR_PATH}/Podfile.lock",
				"${PODS_ROOT}/Manifest.lock",
			);
			name = "[CP] Check Pods Manifest.lock";
			outputFileListPaths = (
			);
			outputPaths = (
				"$(DERIVED_FILE_DIR)/Pods-YoutubeApp-checkManifestLockResult.txt",
			);
			runOnlyForDeploymentPostprocessing = 0;
			shellPath = /bin/sh;
			shellScript = "diff \"${PODS_PODFILE_DIR_PATH}/Podfile.lock\" \"${PODS_ROOT}/Manifest.lock\" > /dev/null\nif [ $? != 0 ] ; then\n    # print error to STDERR\n    echo \"error: The sandbox is not in sync with the Podfile.lock. Run 'pod install' or update your CocoaPods installation.\" >&2\n    exit 1\nfi\n# This output is used by Xcode 'outputs' to avoid re-running this script phase.\necho \"SUCCESS\" > \"${SCRIPT_OUTPUT_FILE_0}\"\n";
			showEnvVarsInLog = 0;
		};
/* End PBXShellScriptBuildPhase section */

/* Begin PBXSourcesBuildPhase section */
		227F4BAA293B96F8008FAC24 /* Sources */ = {
			isa = PBXSourcesBuildPhase;
			buildActionMask = 2147483647;
			files = (
				22718127293CE9B9008144E5 /* Response.swift in Sources */,
				227F4BB4293B96F8008FAC24 /* ContentView.swift in Sources */,
				227F4BB2293B96F8008FAC24 /* YoutubeAppApp.swift in Sources */,
				227F4BC1293BA43D008FAC24 /* Constants.swift in Sources */,
				22718129293CEA40008144E5 /* Video.swift in Sources */,
			);
			runOnlyForDeploymentPostprocessing = 0;
		};
/* End PBXSourcesBuildPhase section */

/* Begin XCBuildConfiguration section */
		227F4BBA293B96FC008FAC24 /* Debug */ = {
			isa = XCBuildConfiguration;
			buildSettings = {
				ALWAYS_SEARCH_USER_PATHS = NO;
				CLANG_ANALYZER_NONNULL = YES;
				CLANG_ANALYZER_NUMBER_OBJECT_CONVERSION = YES_AGGRESSIVE;
				CLANG_CXX_LANGUAGE_STANDARD = "gnu++17";
				CLANG_ENABLE_MODULES = YES;
				CLANG_ENABLE_OBJC_ARC = YES;
				CLANG_ENABLE_OBJC_WEAK = YES;
				CLANG_WARN_BLOCK_CAPTURE_AUTORELEASING = YES;
				CLANG_WARN_BOOL_CONVERSION = YES;
				CLANG_WARN_COMMA = YES;
				CLANG_WARN_CONSTANT_CONVERSION = YES;
				CLANG_WARN_DEPRECATED_OBJC_IMPLEMENTATIONS = YES;
				CLANG_WARN_DIRECT_OBJC_ISA_USAGE = YES_ERROR;
				CLANG_WARN_DOCUMENTATION_COMMENTS = YES;
				CLANG_WARN_EMPTY_BODY = YES;
				CLANG_WARN_ENUM_CONVERSION = YES;
				CLANG_WARN_INFINITE_RECURSION = YES;
				CLANG_WARN_INT_CONVERSION = YES;
				CLANG_WARN_NON_LITERAL_NULL_CONVERSION = YES;
				CLANG_WARN_OBJC_IMPLICIT_RETAIN_SELF = YES;
				CLANG_WARN_OBJC_LITERAL_CONVERSION = YES;
				CLANG_WARN_OBJC_ROOT_CLASS = YES_ERROR;
				CLANG_WARN_QUOTED_INCLUDE_IN_FRAMEWORK_HEADER = YES;
				CLANG_WARN_RANGE_LOOP_ANALYSIS = YES;
				CLANG_WARN_STRICT_PROTOTYPES = YES;
				CLANG_WARN_SUSPICIOUS_MOVE = YES;
				CLANG_WARN_UNGUARDED_AVAILABILITY = YES_AGGRESSIVE;
				CLANG_WARN_UNREACHABLE_CODE = YES;
				CLANG_WARN__DUPLICATE_METHOD_MATCH = YES;
				COPY_PHASE_STRIP = NO;
				DEBUG_INFORMATION_FORMAT = dwarf;
				ENABLE_STRICT_OBJC_MSGSEND = YES;
				ENABLE_TESTABILITY = YES;
				GCC_C_LANGUAGE_STANDARD = gnu11;
				GCC_DYNAMIC_NO_PIC = NO;
				GCC_NO_COMMON_BLOCKS = YES;
				GCC_OPTIMIZATION_LEVEL = 0;
				GCC_PREPROCESSOR_DEFINITIONS = (
					"DEBUG=1",
					"$(inherited)",
				);
				GCC_WARN_64_TO_32_BIT_CONVERSION = YES;
				GCC_WARN_ABOUT_RETURN_TYPE = YES_ERROR;
				GCC_WARN_UNDECLARED_SELECTOR = YES;
				GCC_WARN_UNINITIALIZED_AUTOS = YES_AGGRESSIVE;
				GCC_WARN_UNUSED_FUNCTION = YES;
				GCC_WARN_UNUSED_VARIABLE = YES;
				IPHONEOS_DEPLOYMENT_TARGET = 15.5;
				MTL_ENABLE_DEBUG_INFO = INCLUDE_SOURCE;
				MTL_FAST_MATH = YES;
				ONLY_ACTIVE_ARCH = YES;
				SDKROOT = iphoneos;
				SWIFT_ACTIVE_COMPILATION_CONDITIONS = DEBUG;
				SWIFT_OPTIMIZATION_LEVEL = "-Onone";
			};
			name = Debug;
		};
		227F4BBB293B96FC008FAC24 /* Release */ = {
			isa = XCBuildConfiguration;
			buildSettings = {
				ALWAYS_SEARCH_USER_PATHS = NO;
				CLANG_ANALYZER_NONNULL = YES;
				CLANG_ANALYZER_NUMBER_OBJECT_CONVERSION = YES_AGGRESSIVE;
				CLANG_CXX_LANGUAGE_STANDARD = "gnu++17";
				CLANG_ENABLE_MODULES = YES;
				CLANG_ENABLE_OBJC_ARC = YES;
				CLANG_ENABLE_OBJC_WEAK = YES;
				CLANG_WARN_BLOCK_CAPTURE_AUTORELEASING = YES;
				CLANG_WARN_BOOL_CONVERSION = YES;
				CLANG_WARN_COMMA = YES;
				CLANG_WARN_CONSTANT_CONVERSION = YES;
				CLANG_WARN_DEPRECATED_OBJC_IMPLEMENTATIONS = YES;
				CLANG_WARN_DIRECT_OBJC_ISA_USAGE = YES_ERROR;
				CLANG_WARN_DOCUMENTATION_COMMENTS = YES;
				CLANG_WARN_EMPTY_BODY = YES;
				CLANG_WARN_ENUM_CONVERSION = YES;
				CLANG_WARN_INFINITE_RECURSION = YES;
				CLANG_WARN_INT_CONVERSION = YES;
				CLANG_WARN_NON_LITERAL_NULL_CONVERSION = YES;
				CLANG_WARN_OBJC_IMPLICIT_RETAIN_SELF = YES;
				CLANG_WARN_OBJC_LITERAL_CONVERSION = YES;
				CLANG_WARN_OBJC_ROOT_CLASS = YES_ERROR;
				CLANG_WARN_QUOTED_INCLUDE_IN_FRAMEWORK_HEADER = YES;
				CLANG_WARN_RANGE_LOOP_ANALYSIS = YES;
				CLANG_WARN_STRICT_PROTOTYPES = YES;
				CLANG_WARN_SUSPICIOUS_MOVE = YES;
				CLANG_WARN_UNGUARDED_AVAILABILITY = YES_AGGRESSIVE;
				CLANG_WARN_UNREACHABLE_CODE = YES;
				CLANG_WARN__DUPLICATE_METHOD_MATCH = YES;
				COPY_PHASE_STRIP = NO;
				DEBUG_INFORMATION_FORMAT = "dwarf-with-dsym";
				ENABLE_NS_ASSERTIONS = NO;
				ENABLE_STRICT_OBJC_MSGSEND = YES;
				GCC_C_LANGUAGE_STANDARD = gnu11;
				GCC_NO_COMMON_BLOCKS = YES;
				GCC_WARN_64_TO_32_BIT_CONVERSION = YES;
				GCC_WARN_ABOUT_RETURN_TYPE = YES_ERROR;
				GCC_WARN_UNDECLARED_SELECTOR = YES;
				GCC_WARN_UNINITIALIZED_AUTOS = YES_AGGRESSIVE;
				GCC_WARN_UNUSED_FUNCTION = YES;
				GCC_WARN_UNUSED_VARIABLE = YES;
				IPHONEOS_DEPLOYMENT_TARGET = 15.5;
				MTL_ENABLE_DEBUG_INFO = NO;
				MTL_FAST_MATH = YES;
				SDKROOT = iphoneos;
				SWIFT_COMPILATION_MODE = wholemodule;
				SWIFT_OPTIMIZATION_LEVEL = "-O";
				VALIDATE_PRODUCT = YES;
			};
			name = Release;
		};
		227F4BBD293B96FC008FAC24 /* Debug */ = {
			isa = XCBuildConfiguration;
			baseConfigurationReference = D1EBF8D087AA24837EC494F1 /* Pods-YoutubeApp.debug.xcconfig */;
			buildSettings = {
				ASSETCATALOG_COMPILER_APPICON_NAME = AppIcon;
				ASSETCATALOG_COMPILER_GLOBAL_ACCENT_COLOR_NAME = AccentColor;
				CODE_SIGN_STYLE = Automatic;
				CURRENT_PROJECT_VERSION = 1;
				DEVELOPMENT_ASSET_PATHS = "\"YoutubeApp/Preview Content\"";
				DEVELOPMENT_TEAM = 42ZT22L985;
				ENABLE_PREVIEWS = YES;
				GENERATE_INFOPLIST_FILE = YES;
				INFOPLIST_KEY_UIApplicationSceneManifest_Generation = YES;
				INFOPLIST_KEY_UIApplicationSupportsIndirectInputEvents = YES;
				INFOPLIST_KEY_UILaunchScreen_Generation = YES;
				INFOPLIST_KEY_UISupportedInterfaceOrientations_iPad = "UIInterfaceOrientationPortrait UIInterfaceOrientationPortraitUpsideDown UIInterfaceOrientationLandscapeLeft UIInterfaceOrientationLandscapeRight";
				INFOPLIST_KEY_UISupportedInterfaceOrientations_iPhone = "UIInterfaceOrientationPortrait UIInterfaceOrientationLandscapeLeft UIInterfaceOrientationLandscapeRight";
				LD_RUNPATH_SEARCH_PATHS = (
					"$(inherited)",
					"@executable_path/Frameworks",
				);
				MARKETING_VERSION = 1.0;
				PRODUCT_BUNDLE_IDENTIFIER = co.fidanoruc.YoutubeApp;
				PRODUCT_NAME = "$(TARGET_NAME)";
				SWIFT_EMIT_LOC_STRINGS = YES;
				SWIFT_VERSION = 5.0;
				TARGETED_DEVICE_FAMILY = "1,2";
			};
			name = Debug;
		};
		227F4BBE293B96FC008FAC24 /* Release */ = {
			isa = XCBuildConfiguration;
			baseConfigurationReference = EA64722A84FAF0536E9251CE /* Pods-YoutubeApp.release.xcconfig */;
			buildSettings = {
				ASSETCATALOG_COMPILER_APPICON_NAME = AppIcon;
				ASSETCATALOG_COMPILER_GLOBAL_ACCENT_COLOR_NAME = AccentColor;
				CODE_SIGN_STYLE = Automatic;
				CURRENT_PROJECT_VERSION = 1;
				DEVELOPMENT_ASSET_PATHS = "\"YoutubeApp/Preview Content\"";
				DEVELOPMENT_TEAM = 42ZT22L985;
				ENABLE_PREVIEWS = YES;
				GENERATE_INFOPLIST_FILE = YES;
				INFOPLIST_KEY_UIApplicationSceneManifest_Generation = YES;
				INFOPLIST_KEY_UIApplicationSupportsIndirectInputEvents = YES;
				INFOPLIST_KEY_UILaunchScreen_Generation = YES;
				INFOPLIST_KEY_UISupportedInterfaceOrientations_iPad = "UIInterfaceOrientationPortrait UIInterfaceOrientationPortraitUpsideDown UIInterfaceOrientationLandscapeLeft UIInterfaceOrientationLandscapeRight";
				INFOPLIST_KEY_UISupportedInterfaceOrientations_iPhone = "UIInterfaceOrientationPortrait UIInterfaceOrientationLandscapeLeft UIInterfaceOrientationLandscapeRight";
				LD_RUNPATH_SEARCH_PATHS = (
					"$(inherited)",
					"@executable_path/Frameworks",
				);
				MARKETING_VERSION = 1.0;
				PRODUCT_BUNDLE_IDENTIFIER = co.fidanoruc.YoutubeApp;
				PRODUCT_NAME = "$(TARGET_NAME)";
				SWIFT_EMIT_LOC_STRINGS = YES;
				SWIFT_VERSION = 5.0;
				TARGETED_DEVICE_FAMILY = "1,2";
			};
			name = Release;
		};
/* End XCBuildConfiguration section */

/* Begin XCConfigurationList section */
		227F4BA9293B96F8008FAC24 /* Build configuration list for PBXProject "YoutubeApp" */ = {
			isa = XCConfigurationList;
			buildConfigurations = (
				227F4BBA293B96FC008FAC24 /* Debug */,
				227F4BBB293B96FC008FAC24 /* Release */,
			);
			defaultConfigurationIsVisible = 0;
			defaultConfigurationName = Release;
		};
		227F4BBC293B96FC008FAC24 /* Build configuration list for PBXNativeTarget "YoutubeApp" */ = {
			isa = XCConfigurationList;
			buildConfigurations = (
				227F4BBD293B96FC008FAC24 /* Debug */,
				227F4BBE293B96FC008FAC24 /* Release */,
			);
			defaultConfigurationIsVisible = 0;
			defaultConfigurationName = Release;
		};
/* End XCConfigurationList section */
	};
	rootObject = 227F4BA6293B96F8008FAC24 /* Project object */;
}
